
Microsoft Visual Studio Solution File, Format Version 12.00
# Visual Studio 15
VisualStudioVersion = 15.0.28010.2036
MinimumVisualStudioVersion = 10.0.40219.1
Project("{FAE04EC0-301F-11D3-BF4B-00C04F79EFBC}") = "ServerApplication", "ServerApplication\ServerApplication.csproj", "{BF1C98B4-5379-4D25-A034-298F71E42B30}"
EndProject
Project("{FAE04EC0-301F-11D3-BF4B-00C04F79EFBC}") = "Ipc.Definitions", "Ipc.Definitions\Ipc.Definitions.csproj", "{55E940EC-44A8-43B6-8764-23431824CA17}"
EndProject
Project("{FAE04EC0-301F-11D3-BF4B-00C04F79EFBC}") = "AcquisitionManager.Implementation", "AcquisitionManager\AcquisitionManager.Implementation.csproj", "{437E4DF6-1A80-4E0D-BCB2-0BBF0F4D2A1A}"
EndProject
Project("{FAE04EC0-301F-11D3-BF4B-00C04F79EFBC}") = "AcquisitionManager.Contracts", "AcquisitionManager.Contracts\AcquisitionManager.Contracts.csproj", "{B8B3D8F5-4A66-445C-932C-90004A3A81B4}"
EndProject
Project("{FAE04EC0-301F-11D3-BF4B-00C04F79EFBC}") = "Ipc.Server.GrpcImplementation", "Ipc.Server.GrpcImplementation\Ipc.Server.GrpcImplementation.csproj", "{595BF2BA-7C67-4E50-8989-15D6E0931966}"
EndProject
Project("{FAE04EC0-301F-11D3-BF4B-00C04F79EFBC}") = "Ipc.Server.Contracts", "Ipc.Server.Contracts\Ipc.Server.Contracts.csproj", "{A19250FF-4249-45A4-AEAE-16050FCA2BB4}"
EndProject
Project("{FAE04EC0-301F-11D3-BF4B-00C04F79EFBC}") = "Ipc.Client.GrpcImplementation", "Ipc.Client.GrpcImplementation\Ipc.Client.GrpcImplementation.csproj", "{5619A831-2348-4D6C-9928-BC160391C464}"
EndProject
Project("{FAE04EC0-301F-11D3-BF4B-00C04F79EFBC}") = "Ipc.Client.Contracts", "Ipc.Client.Contracts\Ipc.Client.Contracts.csproj", "{3FEA55F8-0955-4A86-9B16-6EDC47EB0340}"
EndProject
Project("{FAE04EC0-301F-11D3-BF4B-00C04F79EFBC}") = "WpfClientApplication", "WpfClientApplication\WpfClientApplication.csproj", "{90C24C14-FFE4-4E19-AB9A-47196952CDBC}"
EndProject
Project("{FAE04EC0-301F-11D3-BF4B-00C04F79EFBC}") = "Ipc.Server.AzureImplementation", "Ipc.Server.AzureImplementation\Ipc.Server.AzureImplementation.csproj", "{A16BACD1-4485-4128-AB09-6C9170B96133}"
EndProject
Project("{FAE04EC0-301F-11D3-BF4B-00C04F79EFBC}") = "EventHubTest", "EventHubTest\EventHubTest.csproj", "{76226988-7D05-4F09-BFC7-E76374CE189C}"
EndProject
Global
	GlobalSection(SolutionConfigurationPlatforms) = preSolution
		Debug|Any CPU = Debug|Any CPU
		Release|Any CPU = Release|Any CPU
	EndGlobalSection
	GlobalSection(ProjectConfigurationPlatforms) = postSolution
		{BF1C98B4-5379-4D25-A034-298F71E42B30}.Debug|Any CPU.ActiveCfg = Debug|Any CPU
		{BF1C98B4-5379-4D25-A034-298F71E42B30}.Debug|Any CPU.Build.0 = Debug|Any CPU
		{BF1C98B4-5379-4D25-A034-298F71E42B30}.Release|Any CPU.ActiveCfg = Release|Any CPU
		{BF1C98B4-5379-4D25-A034-298F71E42B30}.Release|Any CPU.Build.0 = Release|Any CPU
		{55E940EC-44A8-43B6-8764-23431824CA17}.Debug|Any CPU.ActiveCfg = Debug|Any CPU
		{55E940EC-44A8-43B6-8764-23431824CA17}.Debug|Any CPU.Build.0 = Debug|Any CPU
		{55E940EC-44A8-43B6-8764-23431824CA17}.Release|Any CPU.ActiveCfg = Release|Any CPU
		{55E940EC-44A8-43B6-8764-23431824CA17}.Release|Any CPU.Build.0 = Release|Any CPU
		{437E4DF6-1A80-4E0D-BCB2-0BBF0F4D2A1A}.Debug|Any CPU.ActiveCfg = Debug|Any CPU
		{437E4DF6-1A80-4E0D-BCB2-0BBF0F4D2A1A}.Debug|Any CPU.Build.0 = Debug|Any CPU
		{437E4DF6-1A80-4E0D-BCB2-0BBF0F4D2A1A}.Release|Any CPU.ActiveCfg = Release|Any CPU
		{437E4DF6-1A80-4E0D-BCB2-0BBF0F4D2A1A}.Release|Any CPU.Build.0 = Release|Any CPU
		{B8B3D8F5-4A66-445C-932C-90004A3A81B4}.Debug|Any CPU.ActiveCfg = Debug|Any CPU
		{B8B3D8F5-4A66-445C-932C-90004A3A81B4}.Debug|Any CPU.Build.0 = Debug|Any CPU
		{B8B3D8F5-4A66-445C-932C-90004A3A81B4}.Release|Any CPU.ActiveCfg = Release|Any CPU
		{B8B3D8F5-4A66-445C-932C-90004A3A81B4}.Release|Any CPU.Build.0 = Release|Any CPU
		{595BF2BA-7C67-4E50-8989-15D6E0931966}.Debug|Any CPU.ActiveCfg = Debug|Any CPU
		{595BF2BA-7C67-4E50-8989-15D6E0931966}.Debug|Any CPU.Build.0 = Debug|Any CPU
		{595BF2BA-7C67-4E50-8989-15D6E0931966}.Release|Any CPU.ActiveCfg = Release|Any CPU
		{595BF2BA-7C67-4E50-8989-15D6E0931966}.Release|Any CPU.Build.0 = Release|Any CPU
		{A19250FF-4249-45A4-AEAE-16050FCA2BB4}.Debug|Any CPU.ActiveCfg = Debug|Any CPU
		{A19250FF-4249-45A4-AEAE-16050FCA2BB4}.Debug|Any CPU.Build.0 = Debug|Any CPU
		{A19250FF-4249-45A4-AEAE-16050FCA2BB4}.Release|Any CPU.ActiveCfg = Release|Any CPU
		{A19250FF-4249-45A4-AEAE-16050FCA2BB4}.Release|Any CPU.Build.0 = Release|Any CPU
		{5619A831-2348-4D6C-9928-BC160391C464}.Debug|Any CPU.ActiveCfg = Debug|Any CPU
		{5619A831-2348-4D6C-9928-BC160391C464}.Debug|Any CPU.Build.0 = Debug|Any CPU
		{5619A831-2348-4D6C-9928-BC160391C464}.Release|Any CPU.ActiveCfg = Release|Any CPU
		{5619A831-2348-4D6C-9928-BC160391C464}.Release|Any CPU.Build.0 = Release|Any CPU
		{3FEA55F8-0955-4A86-9B16-6EDC47EB0340}.Debug|Any CPU.ActiveCfg = Debug|Any CPU
		{3FEA55F8-0955-4A86-9B16-6EDC47EB0340}.Debug|Any CPU.Build.0 = Debug|Any CPU
		{3FEA55F8-0955-4A86-9B16-6EDC47EB0340}.Release|Any CPU.ActiveCfg = Release|Any CPU
		{3FEA55F8-0955-4A86-9B16-6EDC47EB0340}.Release|Any CPU.Build.0 = Release|Any CPU
		{90C24C14-FFE4-4E19-AB9A-47196952CDBC}.Debug|Any CPU.ActiveCfg = Debug|Any CPU
		{90C24C14-FFE4-4E19-AB9A-47196952CDBC}.Debug|Any CPU.Build.0 = Debug|Any CPU
		{90C24C14-FFE4-4E19-AB9A-47196952CDBC}.Release|Any CPU.ActiveCfg = Release|Any CPU
		{90C24C14-FFE4-4E19-AB9A-47196952CDBC}.Release|Any CPU.Build.0 = Release|Any CPU
		{A16BACD1-4485-4128-AB09-6C9170B96133}.Debug|Any CPU.ActiveCfg = Debug|Any CPU
		{A16BACD1-4485-4128-AB09-6C9170B96133}.Debug|Any CPU.Build.0 = Debug|Any CPU
		{A16BACD1-4485-4128-AB09-6C9170B96133}.Release|Any CPU.ActiveCfg = Release|Any CPU
		{A16BACD1-4485-4128-AB09-6C9170B96133}.Release|Any CPU.Build.0 = Release|Any CPU
		{76226988-7D05-4F09-BFC7-E76374CE189C}.Debug|Any CPU.ActiveCfg = Debug|Any CPU
		{76226988-7D05-4F09-BFC7-E76374CE189C}.Debug|Any CPU.Build.0 = Debug|Any CPU
		{76226988-7D05-4F09-BFC7-E76374CE189C}.Release|Any CPU.ActiveCfg = Release|Any CPU
		{76226988-7D05-4F09-BFC7-E76374CE189C}.Release|Any CPU.Build.0 = Release|Any CPU
	EndGlobalSection
	GlobalSection(SolutionProperties) = preSolution
		HideSolutionNode = FALSE
	EndGlobalSection
	GlobalSection(ExtensibilityGlobals) = postSolution
		SolutionGuid = {F492E053-3753-42CD-BCB6-C8551D0741D9}
	EndGlobalSection
EndGlobal
